{
  "requires": true,
  "lockfileVersion": 1,
  "dependencies": {
    "@videosdk.live/js-sdk": {
      "version": "0.0.22",
      "resolved": "https://registry.npmjs.org/@videosdk.live/js-sdk/-/js-sdk-0.0.22.tgz",
      "integrity": "sha512-FWX5Dr1d1eU0RAz7BaX7aa1Xd3sUzCCjB+HXn5yRzDF9dQHOnB+b5hPMENEJOMiaHfdoaAHVyz1ySSsKIM0Liw=="
    }
  }
}
